
Microsoft Visual Studio Solution File, Format Version 12.00
# Visual Studio 15
VisualStudioVersion = 15.0.28307.489
MinimumVisualStudioVersion = 10.0.40219.1
Project("{FAE04EC0-301F-11D3-BF4B-00C04F79EFBC}") = "AssetDbBenchmarkTest", "AssetDbBenchmarkTest\AssetDbBenchmarkTest.csproj", "{65D7F8ED-C411-4D9F-B7F4-8E5C93A460D2}"
EndProject
Global
	GlobalSection(SolutionConfigurationPlatforms) = preSolution
		Debug|Any CPU = Debug|Any CPU
		Release|Any CPU = Release|Any CPU
	EndGlobalSection
	GlobalSection(ProjectConfigurationPlatforms) = postSolution
		{65D7F8ED-C411-4D9F-B7F4-8E5C93A460D2}.Debug|Any CPU.ActiveCfg = Debug|Any CPU
		{65D7F8ED-C411-4D9F-B7F4-8E5C93A460D2}.Debug|Any CPU.Build.0 = Debug|Any CPU
		{65D7F8ED-C411-4D9F-B7F4-8E5C93A460D2}.Release|Any CPU.ActiveCfg = Release|Any CPU
		{65D7F8ED-C411-4D9F-B7F4-8E5C93A460D2}.Release|Any CPU.Build.0 = Release|Any CPU
	EndGlobalSection
	GlobalSection(SolutionProperties) = preSolution
		HideSolutionNode = FALSE
	EndGlobalSection
	GlobalSection(ExtensibilityGlobals) = postSolution
		SolutionGuid = {856AF270-B8E6-4B29-8DA2-7B46E95C4BBA}
	EndGlobalSection
EndGlobal
